
Microsoft Visual Studio Solution File, Format Version 12.00
# Visual Studio Version 17
VisualStudioVersion = 17.11.35431.28
MinimumVisualStudioVersion = 10.0.40219.1
Project("{FAE04EC0-301F-11D3-BF4B-00C04F79EFBC}") = "Technika_dotnet", "Technika_dotnet\Technika_dotnet.csproj", "{0F95243E-C797-4721-A429-2084A6EAAB37}"
EndProject
Global
	GlobalSection(SolutionConfigurationPlatforms) = preSolution
		Debug|Any CPU = Debug|Any CPU
		Release|Any CPU = Release|Any CPU
	EndGlobalSection
	GlobalSection(ProjectConfigurationPlatforms) = postSolution
		{0F95243E-C797-4721-A429-2084A6EAAB37}.Debug|Any CPU.ActiveCfg = Debug|Any CPU
		{0F95243E-C797-4721-A429-2084A6EAAB37}.Debug|Any CPU.Build.0 = Debug|Any CPU
		{0F95243E-C797-4721-A429-2084A6EAAB37}.Release|Any CPU.ActiveCfg = Release|Any CPU
		{0F95243E-C797-4721-A429-2084A6EAAB37}.Release|Any CPU.Build.0 = Release|Any CPU
	EndGlobalSection
	GlobalSection(SolutionProperties) = preSolution
		HideSolutionNode = FALSE
	EndGlobalSection
	GlobalSection(ExtensibilityGlobals) = postSolution
		SolutionGuid = {74A80FE5-851F-4294-861E-AEF3B4C83244}
	EndGlobalSection
EndGlobal
